
Microsoft Visual Studio Solution File, Format Version 12.00
# Visual Studio 15
VisualStudioVersion = 15.0.27130.2036
MinimumVisualStudioVersion = 10.0.40219.1
Project("{FAE04EC0-301F-11D3-BF4B-00C04F79EFBC}") = "CFDI", "CFDI\CFDI.csproj", "{5E018BEA-23DC-4222-9344-7D9DE4383093}"
EndProject
Project("{FAE04EC0-301F-11D3-BF4B-00C04F79EFBC}") = "Models", "Models\Models.csproj", "{3F9960FB-62D2-4F63-B393-C951EA61D05C}"
EndProject
Project("{FAE04EC0-301F-11D3-BF4B-00C04F79EFBC}") = "Repository", "Repository\Repository.csproj", "{C37965F6-DBB9-4ED4-BD64-2C3137FEDBD6}"
EndProject
Project("{FAE04EC0-301F-11D3-BF4B-00C04F79EFBC}") = "Services", "Services\Services.csproj", "{78C6E763-F562-43BD-8815-70392858BF8F}"
EndProject
Global
	GlobalSection(SolutionConfigurationPlatforms) = preSolution
		Debug|Any CPU = Debug|Any CPU
		Release|Any CPU = Release|Any CPU
	EndGlobalSection
	GlobalSection(ProjectConfigurationPlatforms) = postSolution
		{5E018BEA-23DC-4222-9344-7D9DE4383093}.Debug|Any CPU.ActiveCfg = Debug|Any CPU
		{5E018BEA-23DC-4222-9344-7D9DE4383093}.Debug|Any CPU.Build.0 = Debug|Any CPU
		{5E018BEA-23DC-4222-9344-7D9DE4383093}.Release|Any CPU.ActiveCfg = Release|Any CPU
		{5E018BEA-23DC-4222-9344-7D9DE4383093}.Release|Any CPU.Build.0 = Release|Any CPU
		{3F9960FB-62D2-4F63-B393-C951EA61D05C}.Debug|Any CPU.ActiveCfg = Debug|Any CPU
		{3F9960FB-62D2-4F63-B393-C951EA61D05C}.Debug|Any CPU.Build.0 = Debug|Any CPU
		{3F9960FB-62D2-4F63-B393-C951EA61D05C}.Release|Any CPU.ActiveCfg = Release|Any CPU
		{3F9960FB-62D2-4F63-B393-C951EA61D05C}.Release|Any CPU.Build.0 = Release|Any CPU
		{C37965F6-DBB9-4ED4-BD64-2C3137FEDBD6}.Debug|Any CPU.ActiveCfg = Debug|Any CPU
		{C37965F6-DBB9-4ED4-BD64-2C3137FEDBD6}.Debug|Any CPU.Build.0 = Debug|Any CPU
		{C37965F6-DBB9-4ED4-BD64-2C3137FEDBD6}.Release|Any CPU.ActiveCfg = Release|Any CPU
		{C37965F6-DBB9-4ED4-BD64-2C3137FEDBD6}.Release|Any CPU.Build.0 = Release|Any CPU
		{78C6E763-F562-43BD-8815-70392858BF8F}.Debug|Any CPU.ActiveCfg = Debug|Any CPU
		{78C6E763-F562-43BD-8815-70392858BF8F}.Debug|Any CPU.Build.0 = Debug|Any CPU
		{78C6E763-F562-43BD-8815-70392858BF8F}.Release|Any CPU.ActiveCfg = Release|Any CPU
		{78C6E763-F562-43BD-8815-70392858BF8F}.Release|Any CPU.Build.0 = Release|Any CPU
	EndGlobalSection
	GlobalSection(SolutionProperties) = preSolution
		HideSolutionNode = FALSE
	EndGlobalSection
	GlobalSection(ExtensibilityGlobals) = postSolution
		SolutionGuid = {87459691-C0D6-42FF-ADC6-454F3E08D715}
	EndGlobalSection
EndGlobal
